
Microsoft Visual Studio Solution File, Format Version 12.00
# Visual Studio Version 16
VisualStudioVersion = 16.0.31129.286
MinimumVisualStudioVersion = 10.0.40219.1
Project("{FAE04EC0-301F-11D3-BF4B-00C04F79EFBC}") = "WinFormsApp1", "WinFormsApp1\WinFormsApp1.csproj", "{C2B2A551-C33C-42E8-BEAF-2E56C124ED39}"
EndProject
Global
	GlobalSection(SolutionConfigurationPlatforms) = preSolution
		Debug|Any CPU = Debug|Any CPU
		Release|Any CPU = Release|Any CPU
	EndGlobalSection
	GlobalSection(ProjectConfigurationPlatforms) = postSolution
		{C2B2A551-C33C-42E8-BEAF-2E56C124ED39}.Debug|Any CPU.ActiveCfg = Debug|Any CPU
		{C2B2A551-C33C-42E8-BEAF-2E56C124ED39}.Debug|Any CPU.Build.0 = Debug|Any CPU
		{C2B2A551-C33C-42E8-BEAF-2E56C124ED39}.Release|Any CPU.ActiveCfg = Release|Any CPU
		{C2B2A551-C33C-42E8-BEAF-2E56C124ED39}.Release|Any CPU.Build.0 = Release|Any CPU
	EndGlobalSection
	GlobalSection(SolutionProperties) = preSolution
		HideSolutionNode = FALSE
	EndGlobalSection
	GlobalSection(ExtensibilityGlobals) = postSolution
		SolutionGuid = {627030EC-DBC6-41C4-9745-71C5B8BD3EEC}
	EndGlobalSection
EndGlobal
